
Microsoft Visual Studio Solution File, Format Version 12.00
# Visual Studio Version 17
VisualStudioVersion = 17.10.34928.147
MinimumVisualStudioVersion = 10.0.40219.1
Project("{888888A0-9F3D-457C-B088-3A5042F75D52}") = "math", "math.pyproj", "{52ADD767-5F75-49C8-AC83-2106D7ABACAE}"
EndProject
Global
	GlobalSection(SolutionConfigurationPlatforms) = preSolution
		Debug|Any CPU = Debug|Any CPU
		Release|Any CPU = Release|Any CPU
	EndGlobalSection
	GlobalSection(ProjectConfigurationPlatforms) = postSolution
		{52ADD767-5F75-49C8-AC83-2106D7ABACAE}.Debug|Any CPU.ActiveCfg = Debug|Any CPU
		{52ADD767-5F75-49C8-AC83-2106D7ABACAE}.Release|Any CPU.ActiveCfg = Release|Any CPU
	EndGlobalSection
	GlobalSection(SolutionProperties) = preSolution
		HideSolutionNode = FALSE
	EndGlobalSection
	GlobalSection(ExtensibilityGlobals) = postSolution
		SolutionGuid = {A9B15BCB-9ACA-4189-A738-56F7F56F1F98}
	EndGlobalSection
EndGlobal
